
Microsoft Visual Studio Solution File, Format Version 12.00
# Visual Studio Version 17
VisualStudioVersion = 17.9.34723.18
MinimumVisualStudioVersion = 10.0.40219.1
Project("{FAE04EC0-301F-11D3-BF4B-00C04F79EFBC}") = "PBL3_CNPM", "PBL3_CNPM.csproj", "{1858DD82-42F6-433D-980F-FAA9FBD6BB9F}"
EndProject
Global
	GlobalSection(SolutionConfigurationPlatforms) = preSolution
		Debug|Any CPU = Debug|Any CPU
		Release|Any CPU = Release|Any CPU
	EndGlobalSection
	GlobalSection(ProjectConfigurationPlatforms) = postSolution
		{1858DD82-42F6-433D-980F-FAA9FBD6BB9F}.Debug|Any CPU.ActiveCfg = Debug|Any CPU
		{1858DD82-42F6-433D-980F-FAA9FBD6BB9F}.Debug|Any CPU.Build.0 = Debug|Any CPU
		{1858DD82-42F6-433D-980F-FAA9FBD6BB9F}.Release|Any CPU.ActiveCfg = Release|Any CPU
		{1858DD82-42F6-433D-980F-FAA9FBD6BB9F}.Release|Any CPU.Build.0 = Release|Any CPU
	EndGlobalSection
	GlobalSection(SolutionProperties) = preSolution
		HideSolutionNode = FALSE
	EndGlobalSection
	GlobalSection(ExtensibilityGlobals) = postSolution
		SolutionGuid = {4DCD0E30-FAF7-4563-BB7A-AF06E43D8440}
	EndGlobalSection
EndGlobal
